
Microsoft Visual Studio Solution File, Format Version 12.00
# Visual Studio Version 16
VisualStudioVersion = 16.0.30309.148
MinimumVisualStudioVersion = 10.0.40219.1
Project("{FAE04EC0-301F-11D3-BF4B-00C04F79EFBC}") = "HmsAgconnectCore", "HmsAgconnectCore\HmsAgconnectCore.csproj", "{53BC97F6-0DA1-4F22-B2E0-94F1A2805E31}"
EndProject
Project("{FAE04EC0-301F-11D3-BF4B-00C04F79EFBC}") = "HmsTasks", "HmsTasks\HmsTasks.csproj", "{29D87097-7813-4EF0-8B7F-1B153E41A774}"
EndProject
Project("{FAE04EC0-301F-11D3-BF4B-00C04F79EFBC}") = "HmsDynamicApi", "HmsDynamicApi\HmsDynamicApi.csproj", "{ECA9552C-302E-47E4-9188-BC8009296CBC}"
EndProject
Project("{FAE04EC0-301F-11D3-BF4B-00C04F79EFBC}") = "HmsLocation", "HmsLocation\HmsLocation.csproj", "{8218EF34-25BE-4760-8C72-86DE0C68F2AE}"
EndProject
Project("{FAE04EC0-301F-11D3-BF4B-00C04F79EFBC}") = "HmsBase", "HmsBase\HmsBase.csproj", "{9DBE3287-AE3C-4B76-B5B4-95D07DFDE355}"
EndProject
Project("{FAE04EC0-301F-11D3-BF4B-00C04F79EFBC}") = "HmsMaps", "HmsMaps\HmsMaps.csproj", "{AEB8036C-7D71-49E0-870C-A0FBCDC13827}"
EndProject
Project("{FAE04EC0-301F-11D3-BF4B-00C04F79EFBC}") = "HmsNetworkCommon", "HmsNetworkCommon\HmsNetworkCommon.csproj", "{90222D28-36C8-4414-BB6D-2F9BE266DF0B}"
EndProject
Project("{FAE04EC0-301F-11D3-BF4B-00C04F79EFBC}") = "HmsNetworkGrs", "HmsNetworkGrs\HmsNetworkGrs.csproj", "{C738E126-5C33-4DBC-A7CE-A320B32A5993}"
EndProject
Project("{FAE04EC0-301F-11D3-BF4B-00C04F79EFBC}") = "HmsMapsClustering", "HmsMapsClustering\HmsMapsClustering.csproj", "{C78CD724-D7E4-493A-9C22-5031173345E9}"
EndProject
Project("{FAE04EC0-301F-11D3-BF4B-00C04F79EFBC}") = "HmsOpenDevice", "HmsOpenDevice\HmsOpenDevice.csproj", "{B53C76CC-ADB5-446A-86DD-986610ABE47E}"
EndProject
Project("{FAE04EC0-301F-11D3-BF4B-00C04F79EFBC}") = "HmsUpdate", "HmsUpdate\HmsUpdate.csproj", "{54CDB1BA-F1B2-4190-83D3-21D70485D0E1}"
EndProject
Project("{FAE04EC0-301F-11D3-BF4B-00C04F79EFBC}") = "HmsPush", "HmsPush\HmsPush.csproj", "{3D3342C2-AF06-46A7-9AE3-EC907FB821E8}"
EndProject
Project("{FAE04EC0-301F-11D3-BF4B-00C04F79EFBC}") = "HmsScan", "HmsScan\HmsScan.csproj", "{9ADAFCC0-D0DE-4F4C-868F-A19E2275AC89}"
EndProject
Project("{FAE04EC0-301F-11D3-BF4B-00C04F79EFBC}") = "HmsMLAgc", "HmsMLAgc\HmsMLAgc.csproj", "{AB1AE2C5-0125-4360-BE69-0A455E04905E}"
EndProject
Project("{FAE04EC0-301F-11D3-BF4B-00C04F79EFBC}") = "HmsMLCamera", "HmsMLCamera\HmsMLCamera.csproj", "{E3D1CCDC-CA7B-4EE8-B5DB-660023217330}"
EndProject
Project("{FAE04EC0-301F-11D3-BF4B-00C04F79EFBC}") = "HmsMLCommonUtils", "HmsMLCommonUtils\HmsMLCommonUtils.csproj", "{7A0AAF60-6812-45B7-927D-395B52E558BF}"
EndProject
Project("{FAE04EC0-301F-11D3-BF4B-00C04F79EFBC}") = "HmsMLHa", "HmsMLHa\HmsMLHa.csproj", "{A9E926EB-1FC4-4674-AF55-27EACA37DD3B}"
EndProject
Project("{FAE04EC0-301F-11D3-BF4B-00C04F79EFBC}") = "HmsMLBase", "HmsMLBase\HmsMLBase.csproj", "{E79DA299-C4FA-447E-8D72-CA7F0C3E93F1}"
EndProject
Project("{FAE04EC0-301F-11D3-BF4B-00C04F79EFBC}") = "HmsAgconnectCredential", "HmsAgconnectCredential\HmsAgconnectCredential.csproj", "{B238181A-53D3-41DC-B959-560FDB6A65B6}"
EndProject
Project("{FAE04EC0-301F-11D3-BF4B-00C04F79EFBC}") = "HmsDataStoreCore", "HmsDataStoreCore\HmsDataStoreCore.csproj", "{8575BA5C-7D2F-467C-9AB6-58336B669D3B}"
EndProject
Project("{FAE04EC0-301F-11D3-BF4B-00C04F79EFBC}") = "HmsDataStoreAnnotation", "HmsDataStoreAnnotation\HmsDataStoreAnnotation.csproj", "{BCC1987A-A29D-4DAA-832F-817108E62480}"
EndProject
Project("{FAE04EC0-301F-11D3-BF4B-00C04F79EFBC}") = "HmsAgconnectHttps", "HmsAgconnectHttps\HmsAgconnectHttps.csproj", "{1107604D-1142-464D-B9E1-132B8E683026}"
EndProject
Project("{FAE04EC0-301F-11D3-BF4B-00C04F79EFBC}") = "HmsHiAnalytics", "HmsHiAnalytics\HmsHiAnalytics.csproj", "{D4C78315-0D29-4EB2-87CC-6F67A3AA877E}"
EndProject
Project("{FAE04EC0-301F-11D3-BF4B-00C04F79EFBC}") = "HmsAvailableUpdate", "HmsAvailableUpdate\HmsAvailableUpdate.csproj", "{1F6D4AE0-FEB5-4DBE-A874-E8EF04BCCC74}"
EndProject
Project("{FAE04EC0-301F-11D3-BF4B-00C04F79EFBC}") = "HmsUI", "HmsUI\HmsUI.csproj", "{8706E40D-8436-4725-8C49-BE9C907B6CCA}"
EndProject
Project("{FAE04EC0-301F-11D3-BF4B-00C04F79EFBC}") = "HmsLog", "HmsLog\HmsLog.csproj", "{532A8F50-9811-43EA-A9D7-8753234946D7}"
EndProject
Project("{FAE04EC0-301F-11D3-BF4B-00C04F79EFBC}") = "HmsStats", "HmsStats\HmsStats.csproj", "{83F9E854-C6AF-4F54-8590-201146088638}"
EndProject
Project("{FAE04EC0-301F-11D3-BF4B-00C04F79EFBC}") = "HmsDevice", "HmsDevice\HmsDevice.csproj", "{1F6C37CA-6D89-4F3B-8683-CE7ADD7E2677}"
EndProject
Project("{FAE04EC0-301F-11D3-BF4B-00C04F79EFBC}") = "HmsSecurityBase", "HmsSecurityBase\HmsSecurityBase.csproj", "{ACB24920-348B-4CDA-AA61-3824427CC594}"
EndProject
Project("{FAE04EC0-301F-11D3-BF4B-00C04F79EFBC}") = "HmsSecuritySsl", "HmsSecuritySsl\HmsSecuritySsl.csproj", "{D5847B7E-7D30-4512-8DF3-90EC48F6B38D}"
EndProject
Project("{FAE04EC0-301F-11D3-BF4B-00C04F79EFBC}") = "HmsSecurityEncrypt", "HmsSecurityEncrypt\HmsSecurityEncrypt.csproj", "{B2888D15-05FE-42A5-94A7-322D065066D3}"
EndProject
Project("{FAE04EC0-301F-11D3-BF4B-00C04F79EFBC}") = "HmsNetworkFrameworkCompat", "HmsNetworkFrameworkCompat\HmsNetworkFrameworkCompat.csproj", "{425699AB-75F4-4194-A4A0-E677FDED44EF}"
EndProject
Project("{FAE04EC0-301F-11D3-BF4B-00C04F79EFBC}") = "HmsDtmApi", "HmsDtmApi\HmsDtmApi.csproj", "{B1D8A0D1-6CB8-4C1A-9C4B-FA83EF1B1C9C}"
EndProject
Project("{FAE04EC0-301F-11D3-BF4B-00C04F79EFBC}") = "HmsDtmCore", "HmsDtmCore\HmsDtmCore.csproj", "{44837665-4A20-44D6-BC46-EC844BDFC23F}"
EndProject
Project("{FAE04EC0-301F-11D3-BF4B-00C04F79EFBC}") = "HmsHaTool", "HmsHaTool\HmsHaTool.csproj", "{4D108EAB-7220-4C9A-A25C-14C4D8940C61}"
EndProject
Project("{FAE04EC0-301F-11D3-BF4B-00C04F79EFBC}") = "HmsHiAnalyticsCore", "HmsHiAnalyticsCore\HmsHiAnalyticsCore.csproj", "{514D7F51-84DC-4CBB-BD6D-C4AB591053B7}"
EndProject
Project("{FAE04EC0-301F-11D3-BF4B-00C04F79EFBC}") = "HmsHiAnalyticsFramework", "HmsHiAnalyticsFramework\HmsHiAnalyticsFramework.csproj", "{48A2EC42-EB23-4A82-8976-560BA99E3145}"
EndProject
Global
	GlobalSection(SolutionConfigurationPlatforms) = preSolution
		Debug|Any CPU = Debug|Any CPU
		Release|Any CPU = Release|Any CPU
	EndGlobalSection
	GlobalSection(ProjectConfigurationPlatforms) = postSolution
		{53BC97F6-0DA1-4F22-B2E0-94F1A2805E31}.Debug|Any CPU.ActiveCfg = Debug|Any CPU
		{53BC97F6-0DA1-4F22-B2E0-94F1A2805E31}.Debug|Any CPU.Build.0 = Debug|Any CPU
		{53BC97F6-0DA1-4F22-B2E0-94F1A2805E31}.Release|Any CPU.ActiveCfg = Release|Any CPU
		{53BC97F6-0DA1-4F22-B2E0-94F1A2805E31}.Release|Any CPU.Build.0 = Release|Any CPU
		{29D87097-7813-4EF0-8B7F-1B153E41A774}.Debug|Any CPU.ActiveCfg = Debug|Any CPU
		{29D87097-7813-4EF0-8B7F-1B153E41A774}.Debug|Any CPU.Build.0 = Debug|Any CPU
		{29D87097-7813-4EF0-8B7F-1B153E41A774}.Release|Any CPU.ActiveCfg = Release|Any CPU
		{29D87097-7813-4EF0-8B7F-1B153E41A774}.Release|Any CPU.Build.0 = Release|Any CPU
		{ECA9552C-302E-47E4-9188-BC8009296CBC}.Debug|Any CPU.ActiveCfg = Debug|Any CPU
		{ECA9552C-302E-47E4-9188-BC8009296CBC}.Debug|Any CPU.Build.0 = Debug|Any CPU
		{ECA9552C-302E-47E4-9188-BC8009296CBC}.Release|Any CPU.ActiveCfg = Release|Any CPU
		{ECA9552C-302E-47E4-9188-BC8009296CBC}.Release|Any CPU.Build.0 = Release|Any CPU
		{8218EF34-25BE-4760-8C72-86DE0C68F2AE}.Debug|Any CPU.ActiveCfg = Debug|Any CPU
		{8218EF34-25BE-4760-8C72-86DE0C68F2AE}.Debug|Any CPU.Build.0 = Debug|Any CPU
		{8218EF34-25BE-4760-8C72-86DE0C68F2AE}.Release|Any CPU.ActiveCfg = Release|Any CPU
		{8218EF34-25BE-4760-8C72-86DE0C68F2AE}.Release|Any CPU.Build.0 = Release|Any CPU
		{9DBE3287-AE3C-4B76-B5B4-95D07DFDE355}.Debug|Any CPU.ActiveCfg = Debug|Any CPU
		{9DBE3287-AE3C-4B76-B5B4-95D07DFDE355}.Debug|Any CPU.Build.0 = Debug|Any CPU
		{9DBE3287-AE3C-4B76-B5B4-95D07DFDE355}.Release|Any CPU.ActiveCfg = Release|Any CPU
		{9DBE3287-AE3C-4B76-B5B4-95D07DFDE355}.Release|Any CPU.Build.0 = Release|Any CPU
		{AEB8036C-7D71-49E0-870C-A0FBCDC13827}.Debug|Any CPU.ActiveCfg = Debug|Any CPU
		{AEB8036C-7D71-49E0-870C-A0FBCDC13827}.Debug|Any CPU.Build.0 = Debug|Any CPU
		{AEB8036C-7D71-49E0-870C-A0FBCDC13827}.Release|Any CPU.ActiveCfg = Release|Any CPU
		{AEB8036C-7D71-49E0-870C-A0FBCDC13827}.Release|Any CPU.Build.0 = Release|Any CPU
		{90222D28-36C8-4414-BB6D-2F9BE266DF0B}.Debug|Any CPU.ActiveCfg = Debug|Any CPU
		{90222D28-36C8-4414-BB6D-2F9BE266DF0B}.Debug|Any CPU.Build.0 = Debug|Any CPU
		{90222D28-36C8-4414-BB6D-2F9BE266DF0B}.Release|Any CPU.ActiveCfg = Release|Any CPU
		{90222D28-36C8-4414-BB6D-2F9BE266DF0B}.Release|Any CPU.Build.0 = Release|Any CPU
		{C738E126-5C33-4DBC-A7CE-A320B32A5993}.Debug|Any CPU.ActiveCfg = Debug|Any CPU
		{C738E126-5C33-4DBC-A7CE-A320B32A5993}.Debug|Any CPU.Build.0 = Debug|Any CPU
		{C738E126-5C33-4DBC-A7CE-A320B32A5993}.Release|Any CPU.ActiveCfg = Release|Any CPU
		{C738E126-5C33-4DBC-A7CE-A320B32A5993}.Release|Any CPU.Build.0 = Release|Any CPU
		{C78CD724-D7E4-493A-9C22-5031173345E9}.Debug|Any CPU.ActiveCfg = Debug|Any CPU
		{C78CD724-D7E4-493A-9C22-5031173345E9}.Debug|Any CPU.Build.0 = Debug|Any CPU
		{C78CD724-D7E4-493A-9C22-5031173345E9}.Release|Any CPU.ActiveCfg = Release|Any CPU
		{C78CD724-D7E4-493A-9C22-5031173345E9}.Release|Any CPU.Build.0 = Release|Any CPU
		{B53C76CC-ADB5-446A-86DD-986610ABE47E}.Debug|Any CPU.ActiveCfg = Debug|Any CPU
		{B53C76CC-ADB5-446A-86DD-986610ABE47E}.Debug|Any CPU.Build.0 = Debug|Any CPU
		{B53C76CC-ADB5-446A-86DD-986610ABE47E}.Release|Any CPU.ActiveCfg = Release|Any CPU
		{B53C76CC-ADB5-446A-86DD-986610ABE47E}.Release|Any CPU.Build.0 = Release|Any CPU
		{54CDB1BA-F1B2-4190-83D3-21D70485D0E1}.Debug|Any CPU.ActiveCfg = Debug|Any CPU
		{54CDB1BA-F1B2-4190-83D3-21D70485D0E1}.Debug|Any CPU.Build.0 = Debug|Any CPU
		{54CDB1BA-F1B2-4190-83D3-21D70485D0E1}.Release|Any CPU.ActiveCfg = Release|Any CPU
		{54CDB1BA-F1B2-4190-83D3-21D70485D0E1}.Release|Any CPU.Build.0 = Release|Any CPU
		{3D3342C2-AF06-46A7-9AE3-EC907FB821E8}.Debug|Any CPU.ActiveCfg = Debug|Any CPU
		{3D3342C2-AF06-46A7-9AE3-EC907FB821E8}.Debug|Any CPU.Build.0 = Debug|Any CPU
		{3D3342C2-AF06-46A7-9AE3-EC907FB821E8}.Release|Any CPU.ActiveCfg = Release|Any CPU
		{3D3342C2-AF06-46A7-9AE3-EC907FB821E8}.Release|Any CPU.Build.0 = Release|Any CPU
		{9ADAFCC0-D0DE-4F4C-868F-A19E2275AC89}.Debug|Any CPU.ActiveCfg = Debug|Any CPU
		{9ADAFCC0-D0DE-4F4C-868F-A19E2275AC89}.Debug|Any CPU.Build.0 = Debug|Any CPU
		{9ADAFCC0-D0DE-4F4C-868F-A19E2275AC89}.Release|Any CPU.ActiveCfg = Release|Any CPU
		{9ADAFCC0-D0DE-4F4C-868F-A19E2275AC89}.Release|Any CPU.Build.0 = Release|Any CPU
		{AB1AE2C5-0125-4360-BE69-0A455E04905E}.Debug|Any CPU.ActiveCfg = Debug|Any CPU
		{AB1AE2C5-0125-4360-BE69-0A455E04905E}.Debug|Any CPU.Build.0 = Debug|Any CPU
		{AB1AE2C5-0125-4360-BE69-0A455E04905E}.Release|Any CPU.ActiveCfg = Release|Any CPU
		{AB1AE2C5-0125-4360-BE69-0A455E04905E}.Release|Any CPU.Build.0 = Release|Any CPU
		{E3D1CCDC-CA7B-4EE8-B5DB-660023217330}.Debug|Any CPU.ActiveCfg = Debug|Any CPU
		{E3D1CCDC-CA7B-4EE8-B5DB-660023217330}.Debug|Any CPU.Build.0 = Debug|Any CPU
		{E3D1CCDC-CA7B-4EE8-B5DB-660023217330}.Release|Any CPU.ActiveCfg = Release|Any CPU
		{E3D1CCDC-CA7B-4EE8-B5DB-660023217330}.Release|Any CPU.Build.0 = Release|Any CPU
		{7A0AAF60-6812-45B7-927D-395B52E558BF}.Debug|Any CPU.ActiveCfg = Debug|Any CPU
		{7A0AAF60-6812-45B7-927D-395B52E558BF}.Debug|Any CPU.Build.0 = Debug|Any CPU
		{7A0AAF60-6812-45B7-927D-395B52E558BF}.Release|Any CPU.ActiveCfg = Release|Any CPU
		{7A0AAF60-6812-45B7-927D-395B52E558BF}.Release|Any CPU.Build.0 = Release|Any CPU
		{A9E926EB-1FC4-4674-AF55-27EACA37DD3B}.Debug|Any CPU.ActiveCfg = Debug|Any CPU
		{A9E926EB-1FC4-4674-AF55-27EACA37DD3B}.Debug|Any CPU.Build.0 = Debug|Any CPU
		{A9E926EB-1FC4-4674-AF55-27EACA37DD3B}.Release|Any CPU.ActiveCfg = Release|Any CPU
		{A9E926EB-1FC4-4674-AF55-27EACA37DD3B}.Release|Any CPU.Build.0 = Release|Any CPU
		{E79DA299-C4FA-447E-8D72-CA7F0C3E93F1}.Debug|Any CPU.ActiveCfg = Debug|Any CPU
		{E79DA299-C4FA-447E-8D72-CA7F0C3E93F1}.Debug|Any CPU.Build.0 = Debug|Any CPU
		{E79DA299-C4FA-447E-8D72-CA7F0C3E93F1}.Release|Any CPU.ActiveCfg = Release|Any CPU
		{E79DA299-C4FA-447E-8D72-CA7F0C3E93F1}.Release|Any CPU.Build.0 = Release|Any CPU
		{B238181A-53D3-41DC-B959-560FDB6A65B6}.Debug|Any CPU.ActiveCfg = Debug|Any CPU
		{B238181A-53D3-41DC-B959-560FDB6A65B6}.Debug|Any CPU.Build.0 = Debug|Any CPU
		{B238181A-53D3-41DC-B959-560FDB6A65B6}.Release|Any CPU.ActiveCfg = Release|Any CPU
		{B238181A-53D3-41DC-B959-560FDB6A65B6}.Release|Any CPU.Build.0 = Release|Any CPU
		{8575BA5C-7D2F-467C-9AB6-58336B669D3B}.Debug|Any CPU.ActiveCfg = Debug|Any CPU
		{8575BA5C-7D2F-467C-9AB6-58336B669D3B}.Debug|Any CPU.Build.0 = Debug|Any CPU
		{8575BA5C-7D2F-467C-9AB6-58336B669D3B}.Release|Any CPU.ActiveCfg = Release|Any CPU
		{8575BA5C-7D2F-467C-9AB6-58336B669D3B}.Release|Any CPU.Build.0 = Release|Any CPU
		{BCC1987A-A29D-4DAA-832F-817108E62480}.Debug|Any CPU.ActiveCfg = Debug|Any CPU
		{BCC1987A-A29D-4DAA-832F-817108E62480}.Debug|Any CPU.Build.0 = Debug|Any CPU
		{BCC1987A-A29D-4DAA-832F-817108E62480}.Release|Any CPU.ActiveCfg = Release|Any CPU
		{BCC1987A-A29D-4DAA-832F-817108E62480}.Release|Any CPU.Build.0 = Release|Any CPU
		{1107604D-1142-464D-B9E1-132B8E683026}.Debug|Any CPU.ActiveCfg = Debug|Any CPU
		{1107604D-1142-464D-B9E1-132B8E683026}.Debug|Any CPU.Build.0 = Debug|Any CPU
		{1107604D-1142-464D-B9E1-132B8E683026}.Release|Any CPU.ActiveCfg = Release|Any CPU
		{1107604D-1142-464D-B9E1-132B8E683026}.Release|Any CPU.Build.0 = Release|Any CPU
		{D4C78315-0D29-4EB2-87CC-6F67A3AA877E}.Debug|Any CPU.ActiveCfg = Debug|Any CPU
		{D4C78315-0D29-4EB2-87CC-6F67A3AA877E}.Debug|Any CPU.Build.0 = Debug|Any CPU
		{D4C78315-0D29-4EB2-87CC-6F67A3AA877E}.Release|Any CPU.ActiveCfg = Release|Any CPU
		{D4C78315-0D29-4EB2-87CC-6F67A3AA877E}.Release|Any CPU.Build.0 = Release|Any CPU
		{1F6D4AE0-FEB5-4DBE-A874-E8EF04BCCC74}.Debug|Any CPU.ActiveCfg = Debug|Any CPU
		{1F6D4AE0-FEB5-4DBE-A874-E8EF04BCCC74}.Debug|Any CPU.Build.0 = Debug|Any CPU
		{1F6D4AE0-FEB5-4DBE-A874-E8EF04BCCC74}.Release|Any CPU.ActiveCfg = Release|Any CPU
		{1F6D4AE0-FEB5-4DBE-A874-E8EF04BCCC74}.Release|Any CPU.Build.0 = Release|Any CPU
		{8706E40D-8436-4725-8C49-BE9C907B6CCA}.Debug|Any CPU.ActiveCfg = Debug|Any CPU
		{8706E40D-8436-4725-8C49-BE9C907B6CCA}.Debug|Any CPU.Build.0 = Debug|Any CPU
		{8706E40D-8436-4725-8C49-BE9C907B6CCA}.Release|Any CPU.ActiveCfg = Release|Any CPU
		{8706E40D-8436-4725-8C49-BE9C907B6CCA}.Release|Any CPU.Build.0 = Release|Any CPU
		{532A8F50-9811-43EA-A9D7-8753234946D7}.Debug|Any CPU.ActiveCfg = Debug|Any CPU
		{532A8F50-9811-43EA-A9D7-8753234946D7}.Debug|Any CPU.Build.0 = Debug|Any CPU
		{532A8F50-9811-43EA-A9D7-8753234946D7}.Release|Any CPU.ActiveCfg = Release|Any CPU
		{532A8F50-9811-43EA-A9D7-8753234946D7}.Release|Any CPU.Build.0 = Release|Any CPU
		{83F9E854-C6AF-4F54-8590-201146088638}.Debug|Any CPU.ActiveCfg = Debug|Any CPU
		{83F9E854-C6AF-4F54-8590-201146088638}.Debug|Any CPU.Build.0 = Debug|Any CPU
		{83F9E854-C6AF-4F54-8590-201146088638}.Release|Any CPU.ActiveCfg = Release|Any CPU
		{83F9E854-C6AF-4F54-8590-201146088638}.Release|Any CPU.Build.0 = Release|Any CPU
		{1F6C37CA-6D89-4F3B-8683-CE7ADD7E2677}.Debug|Any CPU.ActiveCfg = Debug|Any CPU
		{1F6C37CA-6D89-4F3B-8683-CE7ADD7E2677}.Debug|Any CPU.Build.0 = Debug|Any CPU
		{1F6C37CA-6D89-4F3B-8683-CE7ADD7E2677}.Release|Any CPU.ActiveCfg = Release|Any CPU
		{1F6C37CA-6D89-4F3B-8683-CE7ADD7E2677}.Release|Any CPU.Build.0 = Release|Any CPU
		{ACB24920-348B-4CDA-AA61-3824427CC594}.Debug|Any CPU.ActiveCfg = Debug|Any CPU
		{ACB24920-348B-4CDA-AA61-3824427CC594}.Debug|Any CPU.Build.0 = Debug|Any CPU
		{ACB24920-348B-4CDA-AA61-3824427CC594}.Release|Any CPU.ActiveCfg = Release|Any CPU
		{ACB24920-348B-4CDA-AA61-3824427CC594}.Release|Any CPU.Build.0 = Release|Any CPU
		{D5847B7E-7D30-4512-8DF3-90EC48F6B38D}.Debug|Any CPU.ActiveCfg = Debug|Any CPU
		{D5847B7E-7D30-4512-8DF3-90EC48F6B38D}.Debug|Any CPU.Build.0 = Debug|Any CPU
		{D5847B7E-7D30-4512-8DF3-90EC48F6B38D}.Release|Any CPU.ActiveCfg = Release|Any CPU
		{D5847B7E-7D30-4512-8DF3-90EC48F6B38D}.Release|Any CPU.Build.0 = Release|Any CPU
		{B2888D15-05FE-42A5-94A7-322D065066D3}.Debug|Any CPU.ActiveCfg = Debug|Any CPU
		{B2888D15-05FE-42A5-94A7-322D065066D3}.Debug|Any CPU.Build.0 = Debug|Any CPU
		{B2888D15-05FE-42A5-94A7-322D065066D3}.Release|Any CPU.ActiveCfg = Release|Any CPU
		{B2888D15-05FE-42A5-94A7-322D065066D3}.Release|Any CPU.Build.0 = Release|Any CPU
		{425699AB-75F4-4194-A4A0-E677FDED44EF}.Debug|Any CPU.ActiveCfg = Debug|Any CPU
		{425699AB-75F4-4194-A4A0-E677FDED44EF}.Debug|Any CPU.Build.0 = Debug|Any CPU
		{425699AB-75F4-4194-A4A0-E677FDED44EF}.Release|Any CPU.ActiveCfg = Release|Any CPU
		{425699AB-75F4-4194-A4A0-E677FDED44EF}.Release|Any CPU.Build.0 = Release|Any CPU
		{B1D8A0D1-6CB8-4C1A-9C4B-FA83EF1B1C9C}.Debug|Any CPU.ActiveCfg = Debug|Any CPU
		{B1D8A0D1-6CB8-4C1A-9C4B-FA83EF1B1C9C}.Debug|Any CPU.Build.0 = Debug|Any CPU
		{B1D8A0D1-6CB8-4C1A-9C4B-FA83EF1B1C9C}.Release|Any CPU.ActiveCfg = Release|Any CPU
		{B1D8A0D1-6CB8-4C1A-9C4B-FA83EF1B1C9C}.Release|Any CPU.Build.0 = Release|Any CPU
		{44837665-4A20-44D6-BC46-EC844BDFC23F}.Debug|Any CPU.ActiveCfg = Debug|Any CPU
		{44837665-4A20-44D6-BC46-EC844BDFC23F}.Debug|Any CPU.Build.0 = Debug|Any CPU
		{44837665-4A20-44D6-BC46-EC844BDFC23F}.Release|Any CPU.ActiveCfg = Release|Any CPU
		{44837665-4A20-44D6-BC46-EC844BDFC23F}.Release|Any CPU.Build.0 = Release|Any CPU
		{4D108EAB-7220-4C9A-A25C-14C4D8940C61}.Debug|Any CPU.ActiveCfg = Debug|Any CPU
		{4D108EAB-7220-4C9A-A25C-14C4D8940C61}.Debug|Any CPU.Build.0 = Debug|Any CPU
		{4D108EAB-7220-4C9A-A25C-14C4D8940C61}.Release|Any CPU.ActiveCfg = Release|Any CPU
		{4D108EAB-7220-4C9A-A25C-14C4D8940C61}.Release|Any CPU.Build.0 = Release|Any CPU
		{514D7F51-84DC-4CBB-BD6D-C4AB591053B7}.Debug|Any CPU.ActiveCfg = Debug|Any CPU
		{514D7F51-84DC-4CBB-BD6D-C4AB591053B7}.Debug|Any CPU.Build.0 = Debug|Any CPU
		{514D7F51-84DC-4CBB-BD6D-C4AB591053B7}.Release|Any CPU.ActiveCfg = Release|Any CPU
		{514D7F51-84DC-4CBB-BD6D-C4AB591053B7}.Release|Any CPU.Build.0 = Release|Any CPU
		{48A2EC42-EB23-4A82-8976-560BA99E3145}.Debug|Any CPU.ActiveCfg = Debug|Any CPU
		{48A2EC42-EB23-4A82-8976-560BA99E3145}.Debug|Any CPU.Build.0 = Debug|Any CPU
		{48A2EC42-EB23-4A82-8976-560BA99E3145}.Release|Any CPU.ActiveCfg = Release|Any CPU
		{48A2EC42-EB23-4A82-8976-560BA99E3145}.Release|Any CPU.Build.0 = Release|Any CPU
	EndGlobalSection
	GlobalSection(SolutionProperties) = preSolution
		HideSolutionNode = FALSE
	EndGlobalSection
	GlobalSection(ExtensibilityGlobals) = postSolution
		SolutionGuid = {326AE04A-D803-4951-8454-9756B8A7E28B}
	EndGlobalSection
EndGlobal
